// !$*UTF8*$!
{
	archiveVersion = 1;
	classes = {
	};
	objectVersion = 55;
	objects = {

/* Begin PBXBuildFile section */
		052B9B54CCE02A8EF0C7BEDC /* Pods_SmartUseApp.framework in Frameworks */ = {isa = PBXBuildFile; fileRef = DD3F5E247A714F4A925064C7 /* Pods_SmartUseApp.framework */; };
		3CB58EDA2835776D001A8DDB /* AppDelegate.swift in Sources */ = {isa = PBXBuildFile; fileRef = 3CB58ED92835776D001A8DDB /* AppDelegate.swift */; };
		3CB58EDC2835776D001A8DDB /* SceneDelegate.swift in Sources */ = {isa = PBXBuildFile; fileRef = 3CB58EDB2835776D001A8DDB /* SceneDelegate.swift */; };
		3CB58EDE2835776D001A8DDB /* AuthorizationViewController.swift in Sources */ = {isa = PBXBuildFile; fileRef = 3CB58EDD2835776D001A8DDB /* AuthorizationViewController.swift */; };
		3CB58EE32835776F001A8DDB /* Assets.xcassets in Resources */ = {isa = PBXBuildFile; fileRef = 3CB58EE22835776F001A8DDB /* Assets.xcassets */; };
		3CB58EE62835776F001A8DDB /* LaunchScreen.storyboard in Resources */ = {isa = PBXBuildFile; fileRef = 3CB58EE42835776F001A8DDB /* LaunchScreen.storyboard */; };
		3CB58EF128357964001A8DDB /* GoogleService-Info.plist in Resources */ = {isa = PBXBuildFile; fileRef = 3CB58EF028357964001A8DDB /* GoogleService-Info.plist */; };
		3CB58EF428357B03001A8DDB /* AuthorizationViewModel.swift in Sources */ = {isa = PBXBuildFile; fileRef = 3CB58EF328357B03001A8DDB /* AuthorizationViewModel.swift */; };
/* End PBXBuildFile section */

/* Begin PBXFileReference section */
		099D3760E00188D1A0D5F240 /* Pods-SmartUseApp.debug.xcconfig */ = {isa = PBXFileReference; includeInIndex = 1; lastKnownFileType = text.xcconfig; name = "Pods-SmartUseApp.debug.xcconfig"; path = "Target Support Files/Pods-SmartUseApp/Pods-SmartUseApp.debug.xcconfig"; sourceTree = "<group>"; };
		3CB58ED62835776D001A8DDB /* SmartUseApp.app */ = {isa = PBXFileReference; explicitFileType = wrapper.application; includeInIndex = 0; path = SmartUseApp.app; sourceTree = BUILT_PRODUCTS_DIR; };
		3CB58ED92835776D001A8DDB /* AppDelegate.swift */ = {isa = PBXFileReference; lastKnownFileType = sourcecode.swift; path = AppDelegate.swift; sourceTree = "<group>"; };
		3CB58EDB2835776D001A8DDB /* SceneDelegate.swift */ = {isa = PBXFileReference; lastKnownFileType = sourcecode.swift; path = SceneDelegate.swift; sourceTree = "<group>"; };
		3CB58EDD2835776D001A8DDB /* AuthorizationViewController.swift */ = {isa = PBXFileReference; lastKnownFileType = sourcecode.swift; path = AuthorizationViewController.swift; sourceTree = "<group>"; };
		3CB58EE22835776F001A8DDB /* Assets.xcassets */ = {isa = PBXFileReference; lastKnownFileType = folder.assetcatalog; path = Assets.xcassets; sourceTree = "<group>"; };
		3CB58EE52835776F001A8DDB /* Base */ = {isa = PBXFileReference; lastKnownFileType = file.storyboard; name = Base; path = Base.lproj/LaunchScreen.storyboard; sourceTree = "<group>"; };
		3CB58EE72835776F001A8DDB /* Info.plist */ = {isa = PBXFileReference; lastKnownFileType = text.plist.xml; path = Info.plist; sourceTree = "<group>"; };
		3CB58EF028357964001A8DDB /* GoogleService-Info.plist */ = {isa = PBXFileReference; fileEncoding = 4; lastKnownFileType = text.plist.xml; path = "GoogleService-Info.plist"; sourceTree = "<group>"; };
		3CB58EF328357B03001A8DDB /* AuthorizationViewModel.swift */ = {isa = PBXFileReference; lastKnownFileType = sourcecode.swift; path = AuthorizationViewModel.swift; sourceTree = "<group>"; };
		962348B23283D938C4AF18F2 /* Pods-SmartUseApp.release.xcconfig */ = {isa = PBXFileReference; includeInIndex = 1; lastKnownFileType = text.xcconfig; name = "Pods-SmartUseApp.release.xcconfig"; path = "Target Support Files/Pods-SmartUseApp/Pods-SmartUseApp.release.xcconfig"; sourceTree = "<group>"; };
		DD3F5E247A714F4A925064C7 /* Pods_SmartUseApp.framework */ = {isa = PBXFileReference; explicitFileType = wrapper.framework; includeInIndex = 0; path = Pods_SmartUseApp.framework; sourceTree = BUILT_PRODUCTS_DIR; };
/* End PBXFileReference section */

/* Begin PBXFrameworksBuildPhase section */
		3CB58ED32835776D001A8DDB /* Frameworks */ = {
			isa = PBXFrameworksBuildPhase;
			buildActionMask = 2147483647;
			files = (
				052B9B54CCE02A8EF0C7BEDC /* Pods_SmartUseApp.framework in Frameworks */,
			);
			runOnlyForDeploymentPostprocessing = 0;
		};
/* End PBXFrameworksBuildPhase section */

/* Begin PBXGroup section */
		211F2764CB0651B19D4CE0DA /* Frameworks */ = {
			isa = PBXGroup;
			children = (
				DD3F5E247A714F4A925064C7 /* Pods_SmartUseApp.framework */,
			);
			name = Frameworks;
			sourceTree = "<group>";
		};
		2DD10801C1696508A54EC793 /* Pods */ = {
			isa = PBXGroup;
			children = (
				099D3760E00188D1A0D5F240 /* Pods-SmartUseApp.debug.xcconfig */,
				962348B23283D938C4AF18F2 /* Pods-SmartUseApp.release.xcconfig */,
			);
			path = Pods;
			sourceTree = "<group>";
		};
		3CB58ECD2835776D001A8DDB = {
			isa = PBXGroup;
			children = (
				3CB58ED82835776D001A8DDB /* SmartUseApp */,
				3CB58ED72835776D001A8DDB /* Products */,
				2DD10801C1696508A54EC793 /* Pods */,
				211F2764CB0651B19D4CE0DA /* Frameworks */,
			);
			sourceTree = "<group>";
		};
		3CB58ED72835776D001A8DDB /* Products */ = {
			isa = PBXGroup;
			children = (
				3CB58ED62835776D001A8DDB /* SmartUseApp.app */,
			);
			name = Products;
			sourceTree = "<group>";
		};
		3CB58ED82835776D001A8DDB /* SmartUseApp */ = {
			isa = PBXGroup;
			children = (
				3CB58EE42835776F001A8DDB /* LaunchScreen.storyboard */,
				3CB58EF228357AAF001A8DDB /* Authorization */,
				3CB58EEF2835785C001A8DDB /* Sources */,
				3CB58EEE2835784D001A8DDB /* Application */,
				3CB58EED28357845001A8DDB /* Info */,
			);
			path = SmartUseApp;
			sourceTree = "<group>";
		};
		3CB58EED28357845001A8DDB /* Info */ = {
			isa = PBXGroup;
			children = (
				3CB58EF028357964001A8DDB /* GoogleService-Info.plist */,
				3CB58EE72835776F001A8DDB /* Info.plist */,
			);
			path = Info;
			sourceTree = "<group>";
		};
		3CB58EEE2835784D001A8DDB /* Application */ = {
			isa = PBXGroup;
			children = (
				3CB58ED92835776D001A8DDB /* AppDelegate.swift */,
				3CB58EDB2835776D001A8DDB /* SceneDelegate.swift */,
			);
			path = Application;
			sourceTree = "<group>";
		};
		3CB58EEF2835785C001A8DDB /* Sources */ = {
			isa = PBXGroup;
			children = (
				3CB58EE22835776F001A8DDB /* Assets.xcassets */,
			);
			path = Sources;
			sourceTree = "<group>";
		};
		3CB58EF228357AAF001A8DDB /* Authorization */ = {
			isa = PBXGroup;
			children = (
				3CB58EDD2835776D001A8DDB /* AuthorizationViewController.swift */,
				3CB58EF328357B03001A8DDB /* AuthorizationViewModel.swift */,
			);
			path = Authorization;
			sourceTree = "<group>";
		};
/* End PBXGroup section */

/* Begin PBXNativeTarget section */
		3CB58ED52835776D001A8DDB /* SmartUseApp */ = {
			isa = PBXNativeTarget;
			buildConfigurationList = 3CB58EEA2835776F001A8DDB /* Build configuration list for PBXNativeTarget "SmartUseApp" */;
			buildPhases = (
				04A0B73BA1FD1BEF1714F0D9 /* [CP] Check Pods Manifest.lock */,
				3CB58ED22835776D001A8DDB /* Sources */,
				3CB58ED32835776D001A8DDB /* Frameworks */,
				3CB58ED42835776D001A8DDB /* Resources */,
				3E358B14199A9E6FABD5D1C8 /* [CP] Embed Pods Frameworks */,
			);
			buildRules = (
			);
			dependencies = (
			);
			name = SmartUseApp;
			productName = SmartUseApp;
			productReference = 3CB58ED62835776D001A8DDB /* SmartUseApp.app */;
			productType = "com.apple.product-type.application";
		};
/* End PBXNativeTarget section */

/* Begin PBXProject section */
		3CB58ECE2835776D001A8DDB /* Project object */ = {
			isa = PBXProject;
			attributes = {
				BuildIndependentTargetsInParallel = 1;
				LastSwiftUpdateCheck = 1330;
				LastUpgradeCheck = 1330;
				TargetAttributes = {
					3CB58ED52835776D001A8DDB = {
						CreatedOnToolsVersion = 13.3.1;
					};
				};
			};
			buildConfigurationList = 3CB58ED12835776D001A8DDB /* Build configuration list for PBXProject "SmartUseApp" */;
			compatibilityVersion = "Xcode 13.0";
			developmentRegion = en;
			hasScannedForEncodings = 0;
			knownRegions = (
				en,
				Base,
			);
			mainGroup = 3CB58ECD2835776D001A8DDB;
			productRefGroup = 3CB58ED72835776D001A8DDB /* Products */;
			projectDirPath = "";
			projectRoot = "";
			targets = (
				3CB58ED52835776D001A8DDB /* SmartUseApp */,
			);
		};
/* End PBXProject section */

/* Begin PBXResourcesBuildPhase section */
		3CB58ED42835776D001A8DDB /* Resources */ = {
			isa = PBXResourcesBuildPhase;
			buildActionMask = 2147483647;
			files = (
				3CB58EE62835776F001A8DDB /* LaunchScreen.storyboard in Resources */,
				3CB58EE32835776F001A8DDB /* Assets.xcassets in Resources */,
				3CB58EF128357964001A8DDB /* GoogleService-Info.plist in Resources */,
			);
			runOnlyForDeploymentPostprocessing = 0;
		};
/* End PBXResourcesBuildPhase section */

/* Begin PBXShellScriptBuildPhase section */
		04A0B73BA1FD1BEF1714F0D9 /* [CP] Check Pods Manifest.lock */ = {
			isa = PBXShellScriptBuildPhase;
			buildActionMask = 2147483647;
			files = (
			);
			inputFileListPaths = (
			);
			inputPaths = (
				"${PODS_PODFILE_DIR_PATH}/Podfile.lock",
				"${PODS_ROOT}/Manifest.lock",
			);
			name = "[CP] Check Pods Manifest.lock";
			outputFileListPaths = (
			);
			outputPaths = (
				"$(DERIVED_FILE_DIR)/Pods-SmartUseApp-checkManifestLockResult.txt",
			);
			runOnlyForDeploymentPostprocessing = 0;
			shellPath = /bin/sh;
			shellScript = "diff \"${PODS_PODFILE_DIR_PATH}/Podfile.lock\" \"${PODS_ROOT}/Manifest.lock\" > /dev/null\nif [ $? != 0 ] ; then\n    # print error to STDERR\n    echo \"error: The sandbox is not in sync with the Podfile.lock. Run 'pod install' or update your CocoaPods installation.\" >&2\n    exit 1\nfi\n# This output is used by Xcode 'outputs' to avoid re-running this script phase.\necho \"SUCCESS\" > \"${SCRIPT_OUTPUT_FILE_0}\"\n";
			showEnvVarsInLog = 0;
		};
		3E358B14199A9E6FABD5D1C8 /* [CP] Embed Pods Frameworks */ = {
			isa = PBXShellScriptBuildPhase;
			buildActionMask = 2147483647;
			files = (
			);
			inputFileListPaths = (
				"${PODS_ROOT}/Target Support Files/Pods-SmartUseApp/Pods-SmartUseApp-frameworks-${CONFIGURATION}-input-files.xcfilelist",
			);
			name = "[CP] Embed Pods Frameworks";
			outputFileListPaths = (
				"${PODS_ROOT}/Target Support Files/Pods-SmartUseApp/Pods-SmartUseApp-frameworks-${CONFIGURATION}-output-files.xcfilelist",
			);
			runOnlyForDeploymentPostprocessing = 0;
			shellPath = /bin/sh;
			shellScript = "\"${PODS_ROOT}/Target Support Files/Pods-SmartUseApp/Pods-SmartUseApp-frameworks.sh\"\n";
			showEnvVarsInLog = 0;
		};
/* End PBXShellScriptBuildPhase section */

/* Begin PBXSourcesBuildPhase section */
		3CB58ED22835776D001A8DDB /* Sources */ = {
			isa = PBXSourcesBuildPhase;
			buildActionMask = 2147483647;
			files = (
				3CB58EF428357B03001A8DDB /* AuthorizationViewModel.swift in Sources */,
				3CB58EDE2835776D001A8DDB /* AuthorizationViewController.swift in Sources */,
				3CB58EDA2835776D001A8DDB /* AppDelegate.swift in Sources */,
				3CB58EDC2835776D001A8DDB /* SceneDelegate.swift in Sources */,
			);
			runOnlyForDeploymentPostprocessing = 0;
		};
/* End PBXSourcesBuildPhase section */

/* Begin PBXVariantGroup section */
		3CB58EE42835776F001A8DDB /* LaunchScreen.storyboard */ = {
			isa = PBXVariantGroup;
			children = (
				3CB58EE52835776F001A8DDB /* Base */,
			);
			name = LaunchScreen.storyboard;
			sourceTree = "<group>";
		};
/* End PBXVariantGroup section */

/* Begin XCBuildConfiguration section */
		3CB58EE82835776F001A8DDB /* Debug */ = {
			isa = XCBuildConfiguration;
			buildSettings = {
				ALWAYS_SEARCH_USER_PATHS = NO;
				CLANG_ANALYZER_NONNULL = YES;
				CLANG_ANALYZER_NUMBER_OBJECT_CONVERSION = YES_AGGRESSIVE;
				CLANG_CXX_LANGUAGE_STANDARD = "gnu++17";
				CLANG_ENABLE_MODULES = YES;
				CLANG_ENABLE_OBJC_ARC = YES;
				CLANG_ENABLE_OBJC_WEAK = YES;
				CLANG_WARN_BLOCK_CAPTURE_AUTORELEASING = YES;
				CLANG_WARN_BOOL_CONVERSION = YES;
				CLANG_WARN_COMMA = YES;
				CLANG_WARN_CONSTANT_CONVERSION = YES;
				CLANG_WARN_DEPRECATED_OBJC_IMPLEMENTATIONS = YES;
				CLANG_WARN_DIRECT_OBJC_ISA_USAGE = YES_ERROR;
				CLANG_WARN_DOCUMENTATION_COMMENTS = YES;
				CLANG_WARN_EMPTY_BODY = YES;
				CLANG_WARN_ENUM_CONVERSION = YES;
				CLANG_WARN_INFINITE_RECURSION = YES;
				CLANG_WARN_INT_CONVERSION = YES;
				CLANG_WARN_NON_LITERAL_NULL_CONVERSION = YES;
				CLANG_WARN_OBJC_IMPLICIT_RETAIN_SELF = YES;
				CLANG_WARN_OBJC_LITERAL_CONVERSION = YES;
				CLANG_WARN_OBJC_ROOT_CLASS = YES_ERROR;
				CLANG_WARN_QUOTED_INCLUDE_IN_FRAMEWORK_HEADER = YES;
				CLANG_WARN_RANGE_LOOP_ANALYSIS = YES;
				CLANG_WARN_STRICT_PROTOTYPES = YES;
				CLANG_WARN_SUSPICIOUS_MOVE = YES;
				CLANG_WARN_UNGUARDED_AVAILABILITY = YES_AGGRESSIVE;
				CLANG_WARN_UNREACHABLE_CODE = YES;
				CLANG_WARN__DUPLICATE_METHOD_MATCH = YES;
				COPY_PHASE_STRIP = NO;
				DEBUG_INFORMATION_FORMAT = dwarf;
				ENABLE_STRICT_OBJC_MSGSEND = YES;
				ENABLE_TESTABILITY = YES;
				GCC_C_LANGUAGE_STANDARD = gnu11;
				GCC_DYNAMIC_NO_PIC = NO;
				GCC_NO_COMMON_BLOCKS = YES;
				GCC_OPTIMIZATION_LEVEL = 0;
				GCC_PREPROCESSOR_DEFINITIONS = (
					"DEBUG=1",
					"$(inherited)",
				);
				GCC_WARN_64_TO_32_BIT_CONVERSION = YES;
				GCC_WARN_ABOUT_RETURN_TYPE = YES_ERROR;
				GCC_WARN_UNDECLARED_SELECTOR = YES;
				GCC_WARN_UNINITIALIZED_AUTOS = YES_AGGRESSIVE;
				GCC_WARN_UNUSED_FUNCTION = YES;
				GCC_WARN_UNUSED_VARIABLE = YES;
				IPHONEOS_DEPLOYMENT_TARGET = 15.4;
				MTL_ENABLE_DEBUG_INFO = INCLUDE_SOURCE;
				MTL_FAST_MATH = YES;
				ONLY_ACTIVE_ARCH = YES;
				SDKROOT = iphoneos;
				SWIFT_ACTIVE_COMPILATION_CONDITIONS = DEBUG;
				SWIFT_OPTIMIZATION_LEVEL = "-Onone";
			};
			name = Debug;
		};
		3CB58EE92835776F001A8DDB /* Release */ = {
			isa = XCBuildConfiguration;
			buildSettings = {
				ALWAYS_SEARCH_USER_PATHS = NO;
				CLANG_ANALYZER_NONNULL = YES;
				CLANG_ANALYZER_NUMBER_OBJECT_CONVERSION = YES_AGGRESSIVE;
				CLANG_CXX_LANGUAGE_STANDARD = "gnu++17";
				CLANG_ENABLE_MODULES = YES;
				CLANG_ENABLE_OBJC_ARC = YES;
				CLANG_ENABLE_OBJC_WEAK = YES;
				CLANG_WARN_BLOCK_CAPTURE_AUTORELEASING = YES;
				CLANG_WARN_BOOL_CONVERSION = YES;
				CLANG_WARN_COMMA = YES;
				CLANG_WARN_CONSTANT_CONVERSION = YES;
				CLANG_WARN_DEPRECATED_OBJC_IMPLEMENTATIONS = YES;
				CLANG_WARN_DIRECT_OBJC_ISA_USAGE = YES_ERROR;
				CLANG_WARN_DOCUMENTATION_COMMENTS = YES;
				CLANG_WARN_EMPTY_BODY = YES;
				CLANG_WARN_ENUM_CONVERSION = YES;
				CLANG_WARN_INFINITE_RECURSION = YES;
				CLANG_WARN_INT_CONVERSION = YES;
				CLANG_WARN_NON_LITERAL_NULL_CONVERSION = YES;
				CLANG_WARN_OBJC_IMPLICIT_RETAIN_SELF = YES;
				CLANG_WARN_OBJC_LITERAL_CONVERSION = YES;
				CLANG_WARN_OBJC_ROOT_CLASS = YES_ERROR;
				CLANG_WARN_QUOTED_INCLUDE_IN_FRAMEWORK_HEADER = YES;
				CLANG_WARN_RANGE_LOOP_ANALYSIS = YES;
				CLANG_WARN_STRICT_PROTOTYPES = YES;
				CLANG_WARN_SUSPICIOUS_MOVE = YES;
				CLANG_WARN_UNGUARDED_AVAILABILITY = YES_AGGRESSIVE;
				CLANG_WARN_UNREACHABLE_CODE = YES;
				CLANG_WARN__DUPLICATE_METHOD_MATCH = YES;
				COPY_PHASE_STRIP = NO;
				DEBUG_INFORMATION_FORMAT = "dwarf-with-dsym";
				ENABLE_NS_ASSERTIONS = NO;
				ENABLE_STRICT_OBJC_MSGSEND = YES;
				GCC_C_LANGUAGE_STANDARD = gnu11;
				GCC_NO_COMMON_BLOCKS = YES;
				GCC_WARN_64_TO_32_BIT_CONVERSION = YES;
				GCC_WARN_ABOUT_RETURN_TYPE = YES_ERROR;
				GCC_WARN_UNDECLARED_SELECTOR = YES;
				GCC_WARN_UNINITIALIZED_AUTOS = YES_AGGRESSIVE;
				GCC_WARN_UNUSED_FUNCTION = YES;
				GCC_WARN_UNUSED_VARIABLE = YES;
				IPHONEOS_DEPLOYMENT_TARGET = 15.4;
				MTL_ENABLE_DEBUG_INFO = NO;
				MTL_FAST_MATH = YES;
				SDKROOT = iphoneos;
				SWIFT_COMPILATION_MODE = wholemodule;
				SWIFT_OPTIMIZATION_LEVEL = "-O";
				VALIDATE_PRODUCT = YES;
			};
			name = Release;
		};
		3CB58EEB2835776F001A8DDB /* Debug */ = {
			isa = XCBuildConfiguration;
			baseConfigurationReference = 099D3760E00188D1A0D5F240 /* Pods-SmartUseApp.debug.xcconfig */;
			buildSettings = {
				ASSETCATALOG_COMPILER_APPICON_NAME = AppIcon;
				ASSETCATALOG_COMPILER_GLOBAL_ACCENT_COLOR_NAME = AccentColor;
				CODE_SIGN_STYLE = Automatic;
				CURRENT_PROJECT_VERSION = 1;
				DEVELOPMENT_TEAM = MMLYXGU647;
				GENERATE_INFOPLIST_FILE = YES;
				INFOPLIST_FILE = SmartUseApp/Info/Info.plist;
				INFOPLIST_KEY_UIApplicationSupportsIndirectInputEvents = YES;
				INFOPLIST_KEY_UILaunchStoryboardName = LaunchScreen;
				INFOPLIST_KEY_UISupportedInterfaceOrientations_iPad = "UIInterfaceOrientationPortrait UIInterfaceOrientationPortraitUpsideDown UIInterfaceOrientationLandscapeLeft UIInterfaceOrientationLandscapeRight";
				INFOPLIST_KEY_UISupportedInterfaceOrientations_iPhone = "UIInterfaceOrientationPortrait UIInterfaceOrientationLandscapeLeft UIInterfaceOrientationLandscapeRight";
				LD_RUNPATH_SEARCH_PATHS = (
					"$(inherited)",
					"@executable_path/Frameworks",
				);
				MARKETING_VERSION = 1.0;
				PRODUCT_BUNDLE_IDENTIFIER = ru.tekmya.SmartUseApp;
				PRODUCT_NAME = "$(TARGET_NAME)";
				SWIFT_EMIT_LOC_STRINGS = YES;
				SWIFT_VERSION = 5.0;
				TARGETED_DEVICE_FAMILY = "1,2";
			};
			name = Debug;
		};
		3CB58EEC2835776F001A8DDB /* Release */ = {
			isa = XCBuildConfiguration;
			baseConfigurationReference = 962348B23283D938C4AF18F2 /* Pods-SmartUseApp.release.xcconfig */;
			buildSettings = {
				ASSETCATALOG_COMPILER_APPICON_NAME = AppIcon;
				ASSETCATALOG_COMPILER_GLOBAL_ACCENT_COLOR_NAME = AccentColor;
				CODE_SIGN_STYLE = Automatic;
				CURRENT_PROJECT_VERSION = 1;
				DEVELOPMENT_TEAM = MMLYXGU647;
				GENERATE_INFOPLIST_FILE = YES;
				INFOPLIST_FILE = SmartUseApp/Info/Info.plist;
				INFOPLIST_KEY_UIApplicationSupportsIndirectInputEvents = YES;
				INFOPLIST_KEY_UILaunchStoryboardName = LaunchScreen;
				INFOPLIST_KEY_UISupportedInterfaceOrientations_iPad = "UIInterfaceOrientationPortrait UIInterfaceOrientationPortraitUpsideDown UIInterfaceOrientationLandscapeLeft UIInterfaceOrientationLandscapeRight";
				INFOPLIST_KEY_UISupportedInterfaceOrientations_iPhone = "UIInterfaceOrientationPortrait UIInterfaceOrientationLandscapeLeft UIInterfaceOrientationLandscapeRight";
				LD_RUNPATH_SEARCH_PATHS = (
					"$(inherited)",
					"@executable_path/Frameworks",
				);
				MARKETING_VERSION = 1.0;
				PRODUCT_BUNDLE_IDENTIFIER = ru.tekmya.SmartUseApp;
				PRODUCT_NAME = "$(TARGET_NAME)";
				SWIFT_EMIT_LOC_STRINGS = YES;
				SWIFT_VERSION = 5.0;
				TARGETED_DEVICE_FAMILY = "1,2";
			};
			name = Release;
		};
/* End XCBuildConfiguration section */

/* Begin XCConfigurationList section */
		3CB58ED12835776D001A8DDB /* Build configuration list for PBXProject "SmartUseApp" */ = {
			isa = XCConfigurationList;
			buildConfigurations = (
				3CB58EE82835776F001A8DDB /* Debug */,
				3CB58EE92835776F001A8DDB /* Release */,
			);
			defaultConfigurationIsVisible = 0;
			defaultConfigurationName = Release;
		};
		3CB58EEA2835776F001A8DDB /* Build configuration list for PBXNativeTarget "SmartUseApp" */ = {
			isa = XCConfigurationList;
			buildConfigurations = (
				3CB58EEB2835776F001A8DDB /* Debug */,
				3CB58EEC2835776F001A8DDB /* Release */,
			);
			defaultConfigurationIsVisible = 0;
			defaultConfigurationName = Release;
		};
/* End XCConfigurationList section */
	};
	rootObject = 3CB58ECE2835776D001A8DDB /* Project object */;
}
