// !$*UTF8*$!
{
	archiveVersion = 1;
	classes = {
	};
	objectVersion = 55;
	objects = {

/* Begin PBXBuildFile section */
		052B9B54CCE02A8EF0C7BEDC /* Pods_SmartUseApp.framework in Frameworks */ = {isa = PBXBuildFile; fileRef = DD3F5E247A714F4A925064C7 /* Pods_SmartUseApp.framework */; };
		3C00FA29287F70C600BBAFDB /* ErrorEnums.swift in Sources */ = {isa = PBXBuildFile; fileRef = 3C00FA28287F70C600BBAFDB /* ErrorEnums.swift */; };
		3C00FA2B2880BDF300BBAFDB /* NewObjectView.swift in Sources */ = {isa = PBXBuildFile; fileRef = 3C00FA2A2880BDF300BBAFDB /* NewObjectView.swift */; };
		3C00FA2D2881C79300BBAFDB /* UIColor + extension.swift in Sources */ = {isa = PBXBuildFile; fileRef = 3C00FA2C2881C79300BBAFDB /* UIColor + extension.swift */; };
		3C09F051285F633D00E71D86 /* GoogleService-Info.plist in Resources */ = {isa = PBXBuildFile; fileRef = 3C09F050285F633C00E71D86 /* GoogleService-Info.plist */; };
		3C10AEB92844C776002A1ED0 /* AddedImageCollectionViewController.swift in Sources */ = {isa = PBXBuildFile; fileRef = 3C10AEB82844C776002A1ED0 /* AddedImageCollectionViewController.swift */; };
		3C10AEBB2844C785002A1ED0 /* AddedImageViewModel.swift in Sources */ = {isa = PBXBuildFile; fileRef = 3C10AEBA2844C785002A1ED0 /* AddedImageViewModel.swift */; };
		3C10AEBE2844CCC8002A1ED0 /* AddedImageViewCell.swift in Sources */ = {isa = PBXBuildFile; fileRef = 3C10AEBD2844CCC8002A1ED0 /* AddedImageViewCell.swift */; };
		3C10AEC12844CCEE002A1ED0 /* AddedImageCellViewModel.swift in Sources */ = {isa = PBXBuildFile; fileRef = 3C10AEC02844CCEE002A1ED0 /* AddedImageCellViewModel.swift */; };
		3C10AEEF28463E15002A1ED0 /* Icon.swift in Sources */ = {isa = PBXBuildFile; fileRef = 3C10AEEE28463E15002A1ED0 /* Icon.swift */; };
		3C10AEF1284654D3002A1ED0 /* Thing.swift in Sources */ = {isa = PBXBuildFile; fileRef = 3C10AEF0284654D3002A1ED0 /* Thing.swift */; };
		3C6B09722851EE6F001B2552 /* NetworkManager.swift in Sources */ = {isa = PBXBuildFile; fileRef = 3C6B09712851EE6F001B2552 /* NetworkManager.swift */; };
		3CA3AE99287F64F500F67107 /* Validator.swift in Sources */ = {isa = PBXBuildFile; fileRef = 3CA3AE98287F64F500F67107 /* Validator.swift */; };
		3CA9D758283BB5C900CF88D2 /* AcquaintanceViewController.swift in Sources */ = {isa = PBXBuildFile; fileRef = 3CA9D757283BB5C900CF88D2 /* AcquaintanceViewController.swift */; };
		3CA9D75A283BB5E400CF88D2 /* AcquaintanceViewModel.swift in Sources */ = {isa = PBXBuildFile; fileRef = 3CA9D759283BB5E400CF88D2 /* AcquaintanceViewModel.swift */; };
		3CA9D75D283BC00700CF88D2 /* AcquaintanceViewCell.swift in Sources */ = {isa = PBXBuildFile; fileRef = 3CA9D75C283BC00700CF88D2 /* AcquaintanceViewCell.swift */; };
		3CA9D75F283BC03200CF88D2 /* AquaintanceCellViewModel.swift in Sources */ = {isa = PBXBuildFile; fileRef = 3CA9D75E283BC03200CF88D2 /* AquaintanceCellViewModel.swift */; };
		3CA9D761283BF66900CF88D2 /* Page.swift in Sources */ = {isa = PBXBuildFile; fileRef = 3CA9D760283BF66900CF88D2 /* Page.swift */; };
		3CA9D764283D2DD400CF88D2 /* MainViewCell.swift in Sources */ = {isa = PBXBuildFile; fileRef = 3CA9D763283D2DD400CF88D2 /* MainViewCell.swift */; };
		3CA9D766283D2DE500CF88D2 /* MainCellViewModel.swift in Sources */ = {isa = PBXBuildFile; fileRef = 3CA9D765283D2DE500CF88D2 /* MainCellViewModel.swift */; };
		3CA9D769283D310D00CF88D2 /* PassRecoveryViewController.swift in Sources */ = {isa = PBXBuildFile; fileRef = 3CA9D768283D310D00CF88D2 /* PassRecoveryViewController.swift */; };
		3CA9D76B283D312400CF88D2 /* PassRecoveryViewModel.swift in Sources */ = {isa = PBXBuildFile; fileRef = 3CA9D76A283D312400CF88D2 /* PassRecoveryViewModel.swift */; };
		3CA9D7722841207800CF88D2 /* NewObjectViewController.swift in Sources */ = {isa = PBXBuildFile; fileRef = 3CA9D7712841207800CF88D2 /* NewObjectViewController.swift */; };
		3CA9D774284120D800CF88D2 /* NewObjectViewModel.swift in Sources */ = {isa = PBXBuildFile; fileRef = 3CA9D773284120D800CF88D2 /* NewObjectViewModel.swift */; };
		3CB58EDA2835776D001A8DDB /* AppDelegate.swift in Sources */ = {isa = PBXBuildFile; fileRef = 3CB58ED92835776D001A8DDB /* AppDelegate.swift */; };
		3CB58EDC2835776D001A8DDB /* SceneDelegate.swift in Sources */ = {isa = PBXBuildFile; fileRef = 3CB58EDB2835776D001A8DDB /* SceneDelegate.swift */; };
		3CB58EDE2835776D001A8DDB /* AuthorizationViewController.swift in Sources */ = {isa = PBXBuildFile; fileRef = 3CB58EDD2835776D001A8DDB /* AuthorizationViewController.swift */; };
		3CB58EE32835776F001A8DDB /* Assets.xcassets in Resources */ = {isa = PBXBuildFile; fileRef = 3CB58EE22835776F001A8DDB /* Assets.xcassets */; };
		3CB58EE62835776F001A8DDB /* LaunchScreen.storyboard in Resources */ = {isa = PBXBuildFile; fileRef = 3CB58EE42835776F001A8DDB /* LaunchScreen.storyboard */; };
		3CB58EF428357B03001A8DDB /* AuthorizationViewModel.swift in Sources */ = {isa = PBXBuildFile; fileRef = 3CB58EF328357B03001A8DDB /* AuthorizationViewModel.swift */; };
		3CB790952853E0EB00869268 /* UIImage + extension.swift in Sources */ = {isa = PBXBuildFile; fileRef = 3CB790942853E0EB00869268 /* UIImage + extension.swift */; };
		3CB7A57E2871D084000E80E8 /* DescriptionView.swift in Sources */ = {isa = PBXBuildFile; fileRef = 3CB7A57D2871D084000E80E8 /* DescriptionView.swift */; };
		3CB7A5802871D7BA000E80E8 /* AuthorizationView.swift in Sources */ = {isa = PBXBuildFile; fileRef = 3CB7A57F2871D7BA000E80E8 /* AuthorizationView.swift */; };
		3CB7A5822871E7F9000E80E8 /* PassRecoveryView.swift in Sources */ = {isa = PBXBuildFile; fileRef = 3CB7A5812871E7F9000E80E8 /* PassRecoveryView.swift */; };
		3CB7A5842871EAF7000E80E8 /* RegistrationView.swift in Sources */ = {isa = PBXBuildFile; fileRef = 3CB7A5832871EAF7000E80E8 /* RegistrationView.swift */; };
		3CB7A586287212FE000E80E8 /* AlertController.swift in Sources */ = {isa = PBXBuildFile; fileRef = 3CB7A585287212FE000E80E8 /* AlertController.swift */; };
		3CB7A5892873441B000E80E8 /* MenuViewController.swift in Sources */ = {isa = PBXBuildFile; fileRef = 3CB7A5882873441B000E80E8 /* MenuViewController.swift */; };
		3CB7A58B2873442B000E80E8 /* MenuViewModel.swift in Sources */ = {isa = PBXBuildFile; fileRef = 3CB7A58A2873442B000E80E8 /* MenuViewModel.swift */; };
		3CB7A58D287344FC000E80E8 /* ContainerViewController.swift in Sources */ = {isa = PBXBuildFile; fileRef = 3CB7A58C287344FC000E80E8 /* ContainerViewController.swift */; };
		3CB7A590287373D9000E80E8 /* MainView.swift in Sources */ = {isa = PBXBuildFile; fileRef = 3CB7A58F287373D9000E80E8 /* MainView.swift */; };
		3CB7A59328741BC5000E80E8 /* MenuViewCell.swift in Sources */ = {isa = PBXBuildFile; fileRef = 3CB7A59228741BC4000E80E8 /* MenuViewCell.swift */; };
		3CB7A59528741BDB000E80E8 /* MenuCellViewModel.swift in Sources */ = {isa = PBXBuildFile; fileRef = 3CB7A59428741BDB000E80E8 /* MenuCellViewModel.swift */; };
		3CB7A59A2874B86C000E80E8 /* MenuDescription.swift in Sources */ = {isa = PBXBuildFile; fileRef = 3CB7A5992874B86C000E80E8 /* MenuDescription.swift */; };
		3CB7A59D2875A237000E80E8 /* ProfileViewController.swift in Sources */ = {isa = PBXBuildFile; fileRef = 3CB7A59C2875A237000E80E8 /* ProfileViewController.swift */; };
		3CB7A59F2875A249000E80E8 /* ProfileViewModel.swift in Sources */ = {isa = PBXBuildFile; fileRef = 3CB7A59E2875A249000E80E8 /* ProfileViewModel.swift */; };
		3CB7A5A42875A2C2000E80E8 /* ProfileView.swift in Sources */ = {isa = PBXBuildFile; fileRef = 3CB7A5A32875A2C2000E80E8 /* ProfileView.swift */; };
		3CB7A5A62875A856000E80E8 /* ProfileChange.swift in Sources */ = {isa = PBXBuildFile; fileRef = 3CB7A5A52875A856000E80E8 /* ProfileChange.swift */; };
		3CB7A5AC2875B61E000E80E8 /* SettingsViewController.swift in Sources */ = {isa = PBXBuildFile; fileRef = 3CB7A5AB2875B61E000E80E8 /* SettingsViewController.swift */; };
		3CB7A5AE2875B62B000E80E8 /* SettingsViewModel.swift in Sources */ = {isa = PBXBuildFile; fileRef = 3CB7A5AD2875B62B000E80E8 /* SettingsViewModel.swift */; };
		3CB7A5B02875B65B000E80E8 /* AboutViewController.swift in Sources */ = {isa = PBXBuildFile; fileRef = 3CB7A5AF2875B65B000E80E8 /* AboutViewController.swift */; };
		3CB7A5B22875B66C000E80E8 /* AboutViewModel.swift in Sources */ = {isa = PBXBuildFile; fileRef = 3CB7A5B12875B66C000E80E8 /* AboutViewModel.swift */; };
		3CB7A5B52875D470000E80E8 /* ChangeDataController.swift in Sources */ = {isa = PBXBuildFile; fileRef = 3CB7A5B42875D470000E80E8 /* ChangeDataController.swift */; };
		3CB8F3D128368D0E00DAAAF4 /* UIButton + extension.swift in Sources */ = {isa = PBXBuildFile; fileRef = 3CB8F3D028368D0E00DAAAF4 /* UIButton + extension.swift */; };
		3CB8F3D32836B18200DAAAF4 /* UILabel + extension.swift in Sources */ = {isa = PBXBuildFile; fileRef = 3CB8F3D22836B18200DAAAF4 /* UILabel + extension.swift */; };
		3CB8F3D52836B2C100DAAAF4 /* UITextField + extension.swift in Sources */ = {isa = PBXBuildFile; fileRef = 3CB8F3D42836B2C100DAAAF4 /* UITextField + extension.swift */; };
		3CB8F3D72836B3C000DAAAF4 /* UIImageView + extension.swift in Sources */ = {isa = PBXBuildFile; fileRef = 3CB8F3D62836B3C000DAAAF4 /* UIImageView + extension.swift */; };
		3CB8F3DB28378CF400DAAAF4 /* RegistrationViewController.swift in Sources */ = {isa = PBXBuildFile; fileRef = 3CB8F3DA28378CF400DAAAF4 /* RegistrationViewController.swift */; };
		3CB8F3DD28378D0100DAAAF4 /* RegistrationViewModel.swift in Sources */ = {isa = PBXBuildFile; fileRef = 3CB8F3DC28378D0100DAAAF4 /* RegistrationViewModel.swift */; };
		3CB8F3DF28378FB100DAAAF4 /* ConstantValues.swift in Sources */ = {isa = PBXBuildFile; fileRef = 3CB8F3DE28378FB100DAAAF4 /* ConstantValues.swift */; };
		3CB8F3E128379BE700DAAAF4 /* MainViewController.swift in Sources */ = {isa = PBXBuildFile; fileRef = 3CB8F3E028379BE700DAAAF4 /* MainViewController.swift */; };
		3CB8F3E428379C3700DAAAF4 /* MainViewModel.swift in Sources */ = {isa = PBXBuildFile; fileRef = 3CB8F3E328379C3700DAAAF4 /* MainViewModel.swift */; };
		3CB8F3E72837F5A100DAAAF4 /* FirebaseManager.swift in Sources */ = {isa = PBXBuildFile; fileRef = 3CB8F3E62837F5A100DAAAF4 /* FirebaseManager.swift */; };
		3CB99F22287D746E00E1A8F0 /* PasswordTextField.swift in Sources */ = {isa = PBXBuildFile; fileRef = 3CB99F21287D746E00E1A8F0 /* PasswordTextField.swift */; };
		3CC472D62854F1B4004792C8 /* CoreDataManager.swift in Sources */ = {isa = PBXBuildFile; fileRef = 3CC472D52854F1B4004792C8 /* CoreDataManager.swift */; };
		3CC472DF2854F69B004792C8 /* Things.xcdatamodeld in Sources */ = {isa = PBXBuildFile; fileRef = 3CC472DD2854F69B004792C8 /* Things.xcdatamodeld */; };
		3CC472E52859192A004792C8 /* AppleAuthManager.swift in Sources */ = {isa = PBXBuildFile; fileRef = 3CC472E42859192A004792C8 /* AppleAuthManager.swift */; };
		3CC472E828592119004792C8 /* ASAuthorizationAppleIDButton + extension.swift in Sources */ = {isa = PBXBuildFile; fileRef = 3CC472E728592119004792C8 /* ASAuthorizationAppleIDButton + extension.swift */; };
		3CC472EB285B7894004792C8 /* ThingDescriptionViewController.swift in Sources */ = {isa = PBXBuildFile; fileRef = 3CC472EA285B7894004792C8 /* ThingDescriptionViewController.swift */; };
		3CC472ED285B78AC004792C8 /* ThingDescriptionViewModel.swift in Sources */ = {isa = PBXBuildFile; fileRef = 3CC472EC285B78AC004792C8 /* ThingDescriptionViewModel.swift */; };
		3CC472EF285B7E78004792C8 /* UIDatePicker + extension.swift in Sources */ = {isa = PBXBuildFile; fileRef = 3CC472EE285B7E77004792C8 /* UIDatePicker + extension.swift */; };
/* End PBXBuildFile section */

/* Begin PBXFileReference section */
		099D3760E00188D1A0D5F240 /* Pods-SmartUseApp.debug.xcconfig */ = {isa = PBXFileReference; includeInIndex = 1; lastKnownFileType = text.xcconfig; name = "Pods-SmartUseApp.debug.xcconfig"; path = "Target Support Files/Pods-SmartUseApp/Pods-SmartUseApp.debug.xcconfig"; sourceTree = "<group>"; };
		3C00FA28287F70C600BBAFDB /* ErrorEnums.swift */ = {isa = PBXFileReference; lastKnownFileType = sourcecode.swift; path = ErrorEnums.swift; sourceTree = "<group>"; };
		3C00FA2A2880BDF300BBAFDB /* NewObjectView.swift */ = {isa = PBXFileReference; lastKnownFileType = sourcecode.swift; path = NewObjectView.swift; sourceTree = "<group>"; };
		3C00FA2C2881C79300BBAFDB /* UIColor + extension.swift */ = {isa = PBXFileReference; lastKnownFileType = sourcecode.swift; path = "UIColor + extension.swift"; sourceTree = "<group>"; };
		3C09F050285F633C00E71D86 /* GoogleService-Info.plist */ = {isa = PBXFileReference; fileEncoding = 4; lastKnownFileType = text.plist.xml; path = "GoogleService-Info.plist"; sourceTree = "<group>"; };
		3C10AEB82844C776002A1ED0 /* AddedImageCollectionViewController.swift */ = {isa = PBXFileReference; lastKnownFileType = sourcecode.swift; path = AddedImageCollectionViewController.swift; sourceTree = "<group>"; };
		3C10AEBA2844C785002A1ED0 /* AddedImageViewModel.swift */ = {isa = PBXFileReference; lastKnownFileType = sourcecode.swift; path = AddedImageViewModel.swift; sourceTree = "<group>"; };
		3C10AEBD2844CCC8002A1ED0 /* AddedImageViewCell.swift */ = {isa = PBXFileReference; lastKnownFileType = sourcecode.swift; path = AddedImageViewCell.swift; sourceTree = "<group>"; };
		3C10AEC02844CCEE002A1ED0 /* AddedImageCellViewModel.swift */ = {isa = PBXFileReference; lastKnownFileType = sourcecode.swift; path = AddedImageCellViewModel.swift; sourceTree = "<group>"; };
		3C10AEEE28463E15002A1ED0 /* Icon.swift */ = {isa = PBXFileReference; lastKnownFileType = sourcecode.swift; path = Icon.swift; sourceTree = "<group>"; };
		3C10AEF0284654D3002A1ED0 /* Thing.swift */ = {isa = PBXFileReference; lastKnownFileType = sourcecode.swift; path = Thing.swift; sourceTree = "<group>"; };
		3C6B09712851EE6F001B2552 /* NetworkManager.swift */ = {isa = PBXFileReference; lastKnownFileType = sourcecode.swift; path = NetworkManager.swift; sourceTree = "<group>"; };
		3CA3AE98287F64F500F67107 /* Validator.swift */ = {isa = PBXFileReference; lastKnownFileType = sourcecode.swift; path = Validator.swift; sourceTree = "<group>"; };
		3CA9D757283BB5C900CF88D2 /* AcquaintanceViewController.swift */ = {isa = PBXFileReference; lastKnownFileType = sourcecode.swift; path = AcquaintanceViewController.swift; sourceTree = "<group>"; };
		3CA9D759283BB5E400CF88D2 /* AcquaintanceViewModel.swift */ = {isa = PBXFileReference; lastKnownFileType = sourcecode.swift; path = AcquaintanceViewModel.swift; sourceTree = "<group>"; };
		3CA9D75C283BC00700CF88D2 /* AcquaintanceViewCell.swift */ = {isa = PBXFileReference; lastKnownFileType = sourcecode.swift; path = AcquaintanceViewCell.swift; sourceTree = "<group>"; };
		3CA9D75E283BC03200CF88D2 /* AquaintanceCellViewModel.swift */ = {isa = PBXFileReference; lastKnownFileType = sourcecode.swift; path = AquaintanceCellViewModel.swift; sourceTree = "<group>"; };
		3CA9D760283BF66900CF88D2 /* Page.swift */ = {isa = PBXFileReference; lastKnownFileType = sourcecode.swift; path = Page.swift; sourceTree = "<group>"; };
		3CA9D763283D2DD400CF88D2 /* MainViewCell.swift */ = {isa = PBXFileReference; lastKnownFileType = sourcecode.swift; path = MainViewCell.swift; sourceTree = "<group>"; };
		3CA9D765283D2DE500CF88D2 /* MainCellViewModel.swift */ = {isa = PBXFileReference; lastKnownFileType = sourcecode.swift; path = MainCellViewModel.swift; sourceTree = "<group>"; };
		3CA9D768283D310D00CF88D2 /* PassRecoveryViewController.swift */ = {isa = PBXFileReference; lastKnownFileType = sourcecode.swift; path = PassRecoveryViewController.swift; sourceTree = "<group>"; };
		3CA9D76A283D312400CF88D2 /* PassRecoveryViewModel.swift */ = {isa = PBXFileReference; lastKnownFileType = sourcecode.swift; path = PassRecoveryViewModel.swift; sourceTree = "<group>"; };
		3CA9D7712841207800CF88D2 /* NewObjectViewController.swift */ = {isa = PBXFileReference; lastKnownFileType = sourcecode.swift; path = NewObjectViewController.swift; sourceTree = "<group>"; };
		3CA9D773284120D800CF88D2 /* NewObjectViewModel.swift */ = {isa = PBXFileReference; lastKnownFileType = sourcecode.swift; path = NewObjectViewModel.swift; sourceTree = "<group>"; };
		3CB58ED62835776D001A8DDB /* SmartUseApp.app */ = {isa = PBXFileReference; explicitFileType = wrapper.application; includeInIndex = 0; path = SmartUseApp.app; sourceTree = BUILT_PRODUCTS_DIR; };
		3CB58ED92835776D001A8DDB /* AppDelegate.swift */ = {isa = PBXFileReference; lastKnownFileType = sourcecode.swift; path = AppDelegate.swift; sourceTree = "<group>"; };
		3CB58EDB2835776D001A8DDB /* SceneDelegate.swift */ = {isa = PBXFileReference; lastKnownFileType = sourcecode.swift; path = SceneDelegate.swift; sourceTree = "<group>"; };
		3CB58EDD2835776D001A8DDB /* AuthorizationViewController.swift */ = {isa = PBXFileReference; lastKnownFileType = sourcecode.swift; path = AuthorizationViewController.swift; sourceTree = "<group>"; };
		3CB58EE22835776F001A8DDB /* Assets.xcassets */ = {isa = PBXFileReference; lastKnownFileType = folder.assetcatalog; path = Assets.xcassets; sourceTree = "<group>"; };
		3CB58EE52835776F001A8DDB /* Base */ = {isa = PBXFileReference; lastKnownFileType = file.storyboard; name = Base; path = Base.lproj/LaunchScreen.storyboard; sourceTree = "<group>"; };
		3CB58EE72835776F001A8DDB /* Info.plist */ = {isa = PBXFileReference; lastKnownFileType = text.plist.xml; path = Info.plist; sourceTree = "<group>"; };
		3CB58EF328357B03001A8DDB /* AuthorizationViewModel.swift */ = {isa = PBXFileReference; lastKnownFileType = sourcecode.swift; path = AuthorizationViewModel.swift; sourceTree = "<group>"; };
		3CB790942853E0EB00869268 /* UIImage + extension.swift */ = {isa = PBXFileReference; lastKnownFileType = sourcecode.swift; path = "UIImage + extension.swift"; sourceTree = "<group>"; };
		3CB7A57D2871D084000E80E8 /* DescriptionView.swift */ = {isa = PBXFileReference; lastKnownFileType = sourcecode.swift; path = DescriptionView.swift; sourceTree = "<group>"; };
		3CB7A57F2871D7BA000E80E8 /* AuthorizationView.swift */ = {isa = PBXFileReference; lastKnownFileType = sourcecode.swift; path = AuthorizationView.swift; sourceTree = "<group>"; };
		3CB7A5812871E7F9000E80E8 /* PassRecoveryView.swift */ = {isa = PBXFileReference; lastKnownFileType = sourcecode.swift; path = PassRecoveryView.swift; sourceTree = "<group>"; };
		3CB7A5832871EAF7000E80E8 /* RegistrationView.swift */ = {isa = PBXFileReference; lastKnownFileType = sourcecode.swift; path = RegistrationView.swift; sourceTree = "<group>"; };
		3CB7A585287212FE000E80E8 /* AlertController.swift */ = {isa = PBXFileReference; lastKnownFileType = sourcecode.swift; path = AlertController.swift; sourceTree = "<group>"; };
		3CB7A5882873441B000E80E8 /* MenuViewController.swift */ = {isa = PBXFileReference; lastKnownFileType = sourcecode.swift; path = MenuViewController.swift; sourceTree = "<group>"; };
		3CB7A58A2873442B000E80E8 /* MenuViewModel.swift */ = {isa = PBXFileReference; lastKnownFileType = sourcecode.swift; path = MenuViewModel.swift; sourceTree = "<group>"; };
		3CB7A58C287344FC000E80E8 /* ContainerViewController.swift */ = {isa = PBXFileReference; lastKnownFileType = sourcecode.swift; path = ContainerViewController.swift; sourceTree = "<group>"; };
		3CB7A58F287373D9000E80E8 /* MainView.swift */ = {isa = PBXFileReference; lastKnownFileType = sourcecode.swift; path = MainView.swift; sourceTree = "<group>"; };
		3CB7A59228741BC4000E80E8 /* MenuViewCell.swift */ = {isa = PBXFileReference; lastKnownFileType = sourcecode.swift; path = MenuViewCell.swift; sourceTree = "<group>"; };
		3CB7A59428741BDB000E80E8 /* MenuCellViewModel.swift */ = {isa = PBXFileReference; lastKnownFileType = sourcecode.swift; path = MenuCellViewModel.swift; sourceTree = "<group>"; };
		3CB7A5992874B86C000E80E8 /* MenuDescription.swift */ = {isa = PBXFileReference; lastKnownFileType = sourcecode.swift; path = MenuDescription.swift; sourceTree = "<group>"; };
		3CB7A59C2875A237000E80E8 /* ProfileViewController.swift */ = {isa = PBXFileReference; lastKnownFileType = sourcecode.swift; path = ProfileViewController.swift; sourceTree = "<group>"; };
		3CB7A59E2875A249000E80E8 /* ProfileViewModel.swift */ = {isa = PBXFileReference; lastKnownFileType = sourcecode.swift; path = ProfileViewModel.swift; sourceTree = "<group>"; };
		3CB7A5A32875A2C2000E80E8 /* ProfileView.swift */ = {isa = PBXFileReference; lastKnownFileType = sourcecode.swift; path = ProfileView.swift; sourceTree = "<group>"; };
		3CB7A5A52875A856000E80E8 /* ProfileChange.swift */ = {isa = PBXFileReference; lastKnownFileType = sourcecode.swift; path = ProfileChange.swift; sourceTree = "<group>"; };
		3CB7A5AB2875B61E000E80E8 /* SettingsViewController.swift */ = {isa = PBXFileReference; lastKnownFileType = sourcecode.swift; path = SettingsViewController.swift; sourceTree = "<group>"; };
		3CB7A5AD2875B62B000E80E8 /* SettingsViewModel.swift */ = {isa = PBXFileReference; lastKnownFileType = sourcecode.swift; path = SettingsViewModel.swift; sourceTree = "<group>"; };
		3CB7A5AF2875B65B000E80E8 /* AboutViewController.swift */ = {isa = PBXFileReference; lastKnownFileType = sourcecode.swift; path = AboutViewController.swift; sourceTree = "<group>"; };
		3CB7A5B12875B66C000E80E8 /* AboutViewModel.swift */ = {isa = PBXFileReference; lastKnownFileType = sourcecode.swift; path = AboutViewModel.swift; sourceTree = "<group>"; };
		3CB7A5B42875D470000E80E8 /* ChangeDataController.swift */ = {isa = PBXFileReference; lastKnownFileType = sourcecode.swift; path = ChangeDataController.swift; sourceTree = "<group>"; };
		3CB8F3D028368D0E00DAAAF4 /* UIButton + extension.swift */ = {isa = PBXFileReference; lastKnownFileType = sourcecode.swift; path = "UIButton + extension.swift"; sourceTree = "<group>"; };
		3CB8F3D22836B18200DAAAF4 /* UILabel + extension.swift */ = {isa = PBXFileReference; lastKnownFileType = sourcecode.swift; path = "UILabel + extension.swift"; sourceTree = "<group>"; };
		3CB8F3D42836B2C100DAAAF4 /* UITextField + extension.swift */ = {isa = PBXFileReference; lastKnownFileType = sourcecode.swift; path = "UITextField + extension.swift"; sourceTree = "<group>"; };
		3CB8F3D62836B3C000DAAAF4 /* UIImageView + extension.swift */ = {isa = PBXFileReference; lastKnownFileType = sourcecode.swift; path = "UIImageView + extension.swift"; sourceTree = "<group>"; };
		3CB8F3DA28378CF400DAAAF4 /* RegistrationViewController.swift */ = {isa = PBXFileReference; lastKnownFileType = sourcecode.swift; path = RegistrationViewController.swift; sourceTree = "<group>"; };
		3CB8F3DC28378D0100DAAAF4 /* RegistrationViewModel.swift */ = {isa = PBXFileReference; lastKnownFileType = sourcecode.swift; path = RegistrationViewModel.swift; sourceTree = "<group>"; };
		3CB8F3DE28378FB100DAAAF4 /* ConstantValues.swift */ = {isa = PBXFileReference; lastKnownFileType = sourcecode.swift; path = ConstantValues.swift; sourceTree = "<group>"; };
		3CB8F3E028379BE700DAAAF4 /* MainViewController.swift */ = {isa = PBXFileReference; lastKnownFileType = sourcecode.swift; path = MainViewController.swift; sourceTree = "<group>"; };
		3CB8F3E328379C3700DAAAF4 /* MainViewModel.swift */ = {isa = PBXFileReference; lastKnownFileType = sourcecode.swift; path = MainViewModel.swift; sourceTree = "<group>"; };
		3CB8F3E62837F5A100DAAAF4 /* FirebaseManager.swift */ = {isa = PBXFileReference; lastKnownFileType = sourcecode.swift; path = FirebaseManager.swift; sourceTree = "<group>"; };
		3CB99F21287D746E00E1A8F0 /* PasswordTextField.swift */ = {isa = PBXFileReference; lastKnownFileType = sourcecode.swift; path = PasswordTextField.swift; sourceTree = "<group>"; };
		3CC472D52854F1B4004792C8 /* CoreDataManager.swift */ = {isa = PBXFileReference; lastKnownFileType = sourcecode.swift; path = CoreDataManager.swift; sourceTree = "<group>"; };
		3CC472DE2854F69B004792C8 /* Things.xcdatamodel */ = {isa = PBXFileReference; lastKnownFileType = wrapper.xcdatamodel; path = Things.xcdatamodel; sourceTree = "<group>"; };
		3CC472E42859192A004792C8 /* AppleAuthManager.swift */ = {isa = PBXFileReference; lastKnownFileType = sourcecode.swift; path = AppleAuthManager.swift; sourceTree = "<group>"; };
		3CC472E628591AA2004792C8 /* SmartUseApp.entitlements */ = {isa = PBXFileReference; lastKnownFileType = text.plist.entitlements; path = SmartUseApp.entitlements; sourceTree = "<group>"; };
		3CC472E728592119004792C8 /* ASAuthorizationAppleIDButton + extension.swift */ = {isa = PBXFileReference; lastKnownFileType = sourcecode.swift; path = "ASAuthorizationAppleIDButton + extension.swift"; sourceTree = "<group>"; };
		3CC472EA285B7894004792C8 /* ThingDescriptionViewController.swift */ = {isa = PBXFileReference; lastKnownFileType = sourcecode.swift; path = ThingDescriptionViewController.swift; sourceTree = "<group>"; };
		3CC472EC285B78AC004792C8 /* ThingDescriptionViewModel.swift */ = {isa = PBXFileReference; lastKnownFileType = sourcecode.swift; path = ThingDescriptionViewModel.swift; sourceTree = "<group>"; };
		3CC472EE285B7E77004792C8 /* UIDatePicker + extension.swift */ = {isa = PBXFileReference; lastKnownFileType = sourcecode.swift; path = "UIDatePicker + extension.swift"; sourceTree = "<group>"; };
		962348B23283D938C4AF18F2 /* Pods-SmartUseApp.release.xcconfig */ = {isa = PBXFileReference; includeInIndex = 1; lastKnownFileType = text.xcconfig; name = "Pods-SmartUseApp.release.xcconfig"; path = "Target Support Files/Pods-SmartUseApp/Pods-SmartUseApp.release.xcconfig"; sourceTree = "<group>"; };
		DD3F5E247A714F4A925064C7 /* Pods_SmartUseApp.framework */ = {isa = PBXFileReference; explicitFileType = wrapper.framework; includeInIndex = 0; path = Pods_SmartUseApp.framework; sourceTree = BUILT_PRODUCTS_DIR; };
/* End PBXFileReference section */

/* Begin PBXFrameworksBuildPhase section */
		3CB58ED32835776D001A8DDB /* Frameworks */ = {
			isa = PBXFrameworksBuildPhase;
			buildActionMask = 2147483647;
			files = (
				052B9B54CCE02A8EF0C7BEDC /* Pods_SmartUseApp.framework in Frameworks */,
			);
			runOnlyForDeploymentPostprocessing = 0;
		};
/* End PBXFrameworksBuildPhase section */

/* Begin PBXGroup section */
		211F2764CB0651B19D4CE0DA /* Frameworks */ = {
			isa = PBXGroup;
			children = (
				DD3F5E247A714F4A925064C7 /* Pods_SmartUseApp.framework */,
			);
			name = Frameworks;
			sourceTree = "<group>";
		};
		2DD10801C1696508A54EC793 /* Pods */ = {
			isa = PBXGroup;
			children = (
				099D3760E00188D1A0D5F240 /* Pods-SmartUseApp.debug.xcconfig */,
				962348B23283D938C4AF18F2 /* Pods-SmartUseApp.release.xcconfig */,
			);
			path = Pods;
			sourceTree = "<group>";
		};
		3C10AEB72844C6C5002A1ED0 /* ImageViewController */ = {
			isa = PBXGroup;
			children = (
				3C10AEB82844C776002A1ED0 /* AddedImageCollectionViewController.swift */,
				3C10AEBA2844C785002A1ED0 /* AddedImageViewModel.swift */,
				3C10AEBC2844CC94002A1ED0 /* AddedImageCell */,
			);
			path = ImageViewController;
			sourceTree = "<group>";
		};
		3C10AEBC2844CC94002A1ED0 /* AddedImageCell */ = {
			isa = PBXGroup;
			children = (
				3C10AEBD2844CCC8002A1ED0 /* AddedImageViewCell.swift */,
				3C10AEC02844CCEE002A1ED0 /* AddedImageCellViewModel.swift */,
			);
			path = AddedImageCell;
			sourceTree = "<group>";
		};
		3C9564B228392A0C00A7ED87 /* Models */ = {
			isa = PBXGroup;
			children = (
				3CB8F3DE28378FB100DAAAF4 /* ConstantValues.swift */,
				3CA9D760283BF66900CF88D2 /* Page.swift */,
				3C10AEEE28463E15002A1ED0 /* Icon.swift */,
				3C10AEF0284654D3002A1ED0 /* Thing.swift */,
				3CB7A5992874B86C000E80E8 /* MenuDescription.swift */,
				3CB7A5A52875A856000E80E8 /* ProfileChange.swift */,
			);
			path = Models;
			sourceTree = "<group>";
		};
		3CA3AE97287F64BE00F67107 /* Helpers */ = {
			isa = PBXGroup;
			children = (
				3CA3AE98287F64F500F67107 /* Validator.swift */,
				3C00FA28287F70C600BBAFDB /* ErrorEnums.swift */,
			);
			path = Helpers;
			sourceTree = "<group>";
		};
		3CA9D756283BB55500CF88D2 /* Acquaintance */ = {
			isa = PBXGroup;
			children = (
				3CA9D757283BB5C900CF88D2 /* AcquaintanceViewController.swift */,
				3CA9D759283BB5E400CF88D2 /* AcquaintanceViewModel.swift */,
				3CA9D75B283BBF7100CF88D2 /* AcquaintanceCell */,
			);
			path = Acquaintance;
			sourceTree = "<group>";
		};
		3CA9D75B283BBF7100CF88D2 /* AcquaintanceCell */ = {
			isa = PBXGroup;
			children = (
				3CA9D75C283BC00700CF88D2 /* AcquaintanceViewCell.swift */,
				3CA9D75E283BC03200CF88D2 /* AquaintanceCellViewModel.swift */,
			);
			path = AcquaintanceCell;
			sourceTree = "<group>";
		};
		3CA9D762283D2DB200CF88D2 /* MainCell */ = {
			isa = PBXGroup;
			children = (
				3CA9D763283D2DD400CF88D2 /* MainViewCell.swift */,
				3CA9D765283D2DE500CF88D2 /* MainCellViewModel.swift */,
			);
			path = MainCell;
			sourceTree = "<group>";
		};
		3CA9D767283D30D700CF88D2 /* PassRecovery */ = {
			isa = PBXGroup;
			children = (
				3CA9D768283D310D00CF88D2 /* PassRecoveryViewController.swift */,
				3CA9D76A283D312400CF88D2 /* PassRecoveryViewModel.swift */,
			);
			path = PassRecovery;
			sourceTree = "<group>";
		};
		3CA9D76E28411F9000CF88D2 /* Login screens */ = {
			isa = PBXGroup;
			children = (
				3CB58EF228357AAF001A8DDB /* Authorization */,
				3CB8F3D928378CCA00DAAAF4 /* Registarion */,
				3CA9D767283D30D700CF88D2 /* PassRecovery */,
			);
			path = "Login screens";
			sourceTree = "<group>";
		};
		3CA9D76F28411FDE00CF88D2 /* Main screens */ = {
			isa = PBXGroup;
			children = (
				3CB7A58E28734503000E80E8 /* Container */,
				3CA9D756283BB55500CF88D2 /* Acquaintance */,
				3CB8F3E228379C0400DAAAF4 /* Main */,
				3CA9D7702841201A00CF88D2 /* New object */,
				3CC472E9285B7832004792C8 /* ThingDescription */,
			);
			path = "Main screens";
			sourceTree = "<group>";
		};
		3CA9D7702841201A00CF88D2 /* New object */ = {
			isa = PBXGroup;
			children = (
				3CA9D7712841207800CF88D2 /* NewObjectViewController.swift */,
				3CA9D773284120D800CF88D2 /* NewObjectViewModel.swift */,
				3C10AEB72844C6C5002A1ED0 /* ImageViewController */,
			);
			path = "New object";
			sourceTree = "<group>";
		};
		3CB58ECD2835776D001A8DDB = {
			isa = PBXGroup;
			children = (
				3CB58ED82835776D001A8DDB /* SmartUseApp */,
				3CB58ED72835776D001A8DDB /* Products */,
				2DD10801C1696508A54EC793 /* Pods */,
				211F2764CB0651B19D4CE0DA /* Frameworks */,
			);
			sourceTree = "<group>";
		};
		3CB58ED72835776D001A8DDB /* Products */ = {
			isa = PBXGroup;
			children = (
				3CB58ED62835776D001A8DDB /* SmartUseApp.app */,
			);
			name = Products;
			sourceTree = "<group>";
		};
		3CB58ED82835776D001A8DDB /* SmartUseApp */ = {
			isa = PBXGroup;
			children = (
				3CC472E628591AA2004792C8 /* SmartUseApp.entitlements */,
				3CB58EE42835776F001A8DDB /* LaunchScreen.storyboard */,
				3CB8F3D828378C9A00DAAAF4 /* ViewControllers */,
				3CB7A57C2871D06D000E80E8 /* Views */,
				3CB8F3E52837F58600DAAAF4 /* Managers */,
				3C9564B228392A0C00A7ED87 /* Models */,
				3CB8F3CF28368CF100DAAAF4 /* Extensions */,
				3CA3AE97287F64BE00F67107 /* Helpers */,
				3CB58EEF2835785C001A8DDB /* Sources */,
				3CB58EEE2835784D001A8DDB /* Application */,
				3CB58EED28357845001A8DDB /* Info */,
				3CC472DD2854F69B004792C8 /* Things.xcdatamodeld */,
			);
			path = SmartUseApp;
			sourceTree = "<group>";
		};
		3CB58EED28357845001A8DDB /* Info */ = {
			isa = PBXGroup;
			children = (
				3C09F050285F633C00E71D86 /* GoogleService-Info.plist */,
				3CB58EE72835776F001A8DDB /* Info.plist */,
			);
			path = Info;
			sourceTree = "<group>";
		};
		3CB58EEE2835784D001A8DDB /* Application */ = {
			isa = PBXGroup;
			children = (
				3CB58ED92835776D001A8DDB /* AppDelegate.swift */,
				3CB58EDB2835776D001A8DDB /* SceneDelegate.swift */,
			);
			path = Application;
			sourceTree = "<group>";
		};
		3CB58EEF2835785C001A8DDB /* Sources */ = {
			isa = PBXGroup;
			children = (
				3CB58EE22835776F001A8DDB /* Assets.xcassets */,
			);
			path = Sources;
			sourceTree = "<group>";
		};
		3CB58EF228357AAF001A8DDB /* Authorization */ = {
			isa = PBXGroup;
			children = (
				3CB58EDD2835776D001A8DDB /* AuthorizationViewController.swift */,
				3CB58EF328357B03001A8DDB /* AuthorizationViewModel.swift */,
			);
			path = Authorization;
			sourceTree = "<group>";
		};
		3CB7A57C2871D06D000E80E8 /* Views */ = {
			isa = PBXGroup;
			children = (
				3CB7A5A02875A27B000E80E8 /* Login */,
				3CB7A5A12875A28F000E80E8 /* Main */,
				3CB7A5A22875A29F000E80E8 /* Menu */,
				3CB7A585287212FE000E80E8 /* AlertController.swift */,
			);
			path = Views;
			sourceTree = "<group>";
		};
		3CB7A587287343A9000E80E8 /* Menu */ = {
			isa = PBXGroup;
			children = (
				3CB7A5882873441B000E80E8 /* MenuViewController.swift */,
				3CB7A58A2873442B000E80E8 /* MenuViewModel.swift */,
				3CB7A59128741B9C000E80E8 /* MenuCell */,
			);
			path = Menu;
			sourceTree = "<group>";
		};
		3CB7A58E28734503000E80E8 /* Container */ = {
			isa = PBXGroup;
			children = (
				3CB7A58C287344FC000E80E8 /* ContainerViewController.swift */,
			);
			path = Container;
			sourceTree = "<group>";
		};
		3CB7A59128741B9C000E80E8 /* MenuCell */ = {
			isa = PBXGroup;
			children = (
				3CB7A59228741BC4000E80E8 /* MenuViewCell.swift */,
				3CB7A59428741BDB000E80E8 /* MenuCellViewModel.swift */,
			);
			path = MenuCell;
			sourceTree = "<group>";
		};
		3CB7A5982874B6D5000E80E8 /* Menu screens */ = {
			isa = PBXGroup;
			children = (
				3CB7A587287343A9000E80E8 /* Menu */,
				3CB7A59B2875A137000E80E8 /* Profile */,
				3CB7A5B32875D431000E80E8 /* ChangeData */,
				3CB7A5A92875B5D3000E80E8 /* Settings */,
				3CB7A5AA2875B5EB000E80E8 /* About */,
			);
			path = "Menu screens";
			sourceTree = "<group>";
		};
		3CB7A59B2875A137000E80E8 /* Profile */ = {
			isa = PBXGroup;
			children = (
				3CB7A59C2875A237000E80E8 /* ProfileViewController.swift */,
				3CB7A59E2875A249000E80E8 /* ProfileViewModel.swift */,
			);
			path = Profile;
			sourceTree = "<group>";
		};
		3CB7A5A02875A27B000E80E8 /* Login */ = {
			isa = PBXGroup;
			children = (
				3CB7A57F2871D7BA000E80E8 /* AuthorizationView.swift */,
				3CB7A5812871E7F9000E80E8 /* PassRecoveryView.swift */,
				3CB7A5832871EAF7000E80E8 /* RegistrationView.swift */,
			);
			path = Login;
			sourceTree = "<group>";
		};
		3CB7A5A12875A28F000E80E8 /* Main */ = {
			isa = PBXGroup;
			children = (
				3CB7A58F287373D9000E80E8 /* MainView.swift */,
				3CB7A57D2871D084000E80E8 /* DescriptionView.swift */,
				3C00FA2A2880BDF300BBAFDB /* NewObjectView.swift */,
			);
			path = Main;
			sourceTree = "<group>";
		};
		3CB7A5A22875A29F000E80E8 /* Menu */ = {
			isa = PBXGroup;
			children = (
				3CB7A5A32875A2C2000E80E8 /* ProfileView.swift */,
			);
			path = Menu;
			sourceTree = "<group>";
		};
		3CB7A5A92875B5D3000E80E8 /* Settings */ = {
			isa = PBXGroup;
			children = (
				3CB7A5AB2875B61E000E80E8 /* SettingsViewController.swift */,
				3CB7A5AD2875B62B000E80E8 /* SettingsViewModel.swift */,
			);
			path = Settings;
			sourceTree = "<group>";
		};
		3CB7A5AA2875B5EB000E80E8 /* About */ = {
			isa = PBXGroup;
			children = (
				3CB7A5AF2875B65B000E80E8 /* AboutViewController.swift */,
				3CB7A5B12875B66C000E80E8 /* AboutViewModel.swift */,
			);
			path = About;
			sourceTree = "<group>";
		};
		3CB7A5B32875D431000E80E8 /* ChangeData */ = {
			isa = PBXGroup;
			children = (
				3CB7A5B42875D470000E80E8 /* ChangeDataController.swift */,
			);
			path = ChangeData;
			sourceTree = "<group>";
		};
		3CB8F3CF28368CF100DAAAF4 /* Extensions */ = {
			isa = PBXGroup;
			children = (
				3CB8F3D028368D0E00DAAAF4 /* UIButton + extension.swift */,
				3CC472E728592119004792C8 /* ASAuthorizationAppleIDButton + extension.swift */,
				3CB8F3D22836B18200DAAAF4 /* UILabel + extension.swift */,
				3CB8F3D42836B2C100DAAAF4 /* UITextField + extension.swift */,
				3CB8F3D62836B3C000DAAAF4 /* UIImageView + extension.swift */,
				3CB790942853E0EB00869268 /* UIImage + extension.swift */,
				3CC472EE285B7E77004792C8 /* UIDatePicker + extension.swift */,
				3CB99F21287D746E00E1A8F0 /* PasswordTextField.swift */,
				3C00FA2C2881C79300BBAFDB /* UIColor + extension.swift */,
			);
			path = Extensions;
			sourceTree = "<group>";
		};
		3CB8F3D828378C9A00DAAAF4 /* ViewControllers */ = {
			isa = PBXGroup;
			children = (
				3CA9D76E28411F9000CF88D2 /* Login screens */,
				3CA9D76F28411FDE00CF88D2 /* Main screens */,
				3CB7A5982874B6D5000E80E8 /* Menu screens */,
			);
			path = ViewControllers;
			sourceTree = "<group>";
		};
		3CB8F3D928378CCA00DAAAF4 /* Registarion */ = {
			isa = PBXGroup;
			children = (
				3CB8F3DA28378CF400DAAAF4 /* RegistrationViewController.swift */,
				3CB8F3DC28378D0100DAAAF4 /* RegistrationViewModel.swift */,
			);
			path = Registarion;
			sourceTree = "<group>";
		};
		3CB8F3E228379C0400DAAAF4 /* Main */ = {
			isa = PBXGroup;
			children = (
				3CB8F3E028379BE700DAAAF4 /* MainViewController.swift */,
				3CB8F3E328379C3700DAAAF4 /* MainViewModel.swift */,
				3CA9D762283D2DB200CF88D2 /* MainCell */,
			);
			path = Main;
			sourceTree = "<group>";
		};
		3CB8F3E52837F58600DAAAF4 /* Managers */ = {
			isa = PBXGroup;
			children = (
				3CB8F3E62837F5A100DAAAF4 /* FirebaseManager.swift */,
				3C6B09712851EE6F001B2552 /* NetworkManager.swift */,
				3CC472D52854F1B4004792C8 /* CoreDataManager.swift */,
				3CC472E42859192A004792C8 /* AppleAuthManager.swift */,
			);
			path = Managers;
			sourceTree = "<group>";
		};
		3CC472E9285B7832004792C8 /* ThingDescription */ = {
			isa = PBXGroup;
			children = (
				3CC472EA285B7894004792C8 /* ThingDescriptionViewController.swift */,
				3CC472EC285B78AC004792C8 /* ThingDescriptionViewModel.swift */,
			);
			path = ThingDescription;
			sourceTree = "<group>";
		};
/* End PBXGroup section */

/* Begin PBXNativeTarget section */
		3CB58ED52835776D001A8DDB /* SmartUseApp */ = {
			isa = PBXNativeTarget;
			buildConfigurationList = 3CB58EEA2835776F001A8DDB /* Build configuration list for PBXNativeTarget "SmartUseApp" */;
			buildPhases = (
				04A0B73BA1FD1BEF1714F0D9 /* [CP] Check Pods Manifest.lock */,
				3CB58ED22835776D001A8DDB /* Sources */,
				3CB58ED32835776D001A8DDB /* Frameworks */,
				3CB58ED42835776D001A8DDB /* Resources */,
				3E358B14199A9E6FABD5D1C8 /* [CP] Embed Pods Frameworks */,
				3C8147872844023600C82C17 /* ShellScript */,
			);
			buildRules = (
			);
			dependencies = (
			);
			name = SmartUseApp;
			productName = SmartUseApp;
			productReference = 3CB58ED62835776D001A8DDB /* SmartUseApp.app */;
			productType = "com.apple.product-type.application";
		};
/* End PBXNativeTarget section */

/* Begin PBXProject section */
		3CB58ECE2835776D001A8DDB /* Project object */ = {
			isa = PBXProject;
			attributes = {
				BuildIndependentTargetsInParallel = 1;
				LastSwiftUpdateCheck = 1330;
				LastUpgradeCheck = 1330;
				TargetAttributes = {
					3CB58ED52835776D001A8DDB = {
						CreatedOnToolsVersion = 13.3.1;
					};
				};
			};
			buildConfigurationList = 3CB58ED12835776D001A8DDB /* Build configuration list for PBXProject "SmartUseApp" */;
			compatibilityVersion = "Xcode 13.0";
			developmentRegion = en;
			hasScannedForEncodings = 0;
			knownRegions = (
				en,
				Base,
			);
			mainGroup = 3CB58ECD2835776D001A8DDB;
			productRefGroup = 3CB58ED72835776D001A8DDB /* Products */;
			projectDirPath = "";
			projectRoot = "";
			targets = (
				3CB58ED52835776D001A8DDB /* SmartUseApp */,
			);
		};
/* End PBXProject section */

/* Begin PBXResourcesBuildPhase section */
		3CB58ED42835776D001A8DDB /* Resources */ = {
			isa = PBXResourcesBuildPhase;
			buildActionMask = 2147483647;
			files = (
				3CB58EE62835776F001A8DDB /* LaunchScreen.storyboard in Resources */,
				3CB58EE32835776F001A8DDB /* Assets.xcassets in Resources */,
				3C09F051285F633D00E71D86 /* GoogleService-Info.plist in Resources */,
			);
			runOnlyForDeploymentPostprocessing = 0;
		};
/* End PBXResourcesBuildPhase section */

/* Begin PBXShellScriptBuildPhase section */
		04A0B73BA1FD1BEF1714F0D9 /* [CP] Check Pods Manifest.lock */ = {
			isa = PBXShellScriptBuildPhase;
			buildActionMask = 2147483647;
			files = (
			);
			inputFileListPaths = (
			);
			inputPaths = (
				"${PODS_PODFILE_DIR_PATH}/Podfile.lock",
				"${PODS_ROOT}/Manifest.lock",
			);
			name = "[CP] Check Pods Manifest.lock";
			outputFileListPaths = (
			);
			outputPaths = (
				"$(DERIVED_FILE_DIR)/Pods-SmartUseApp-checkManifestLockResult.txt",
			);
			runOnlyForDeploymentPostprocessing = 0;
			shellPath = /bin/sh;
			shellScript = "diff \"${PODS_PODFILE_DIR_PATH}/Podfile.lock\" \"${PODS_ROOT}/Manifest.lock\" > /dev/null\nif [ $? != 0 ] ; then\n    # print error to STDERR\n    echo \"error: The sandbox is not in sync with the Podfile.lock. Run 'pod install' or update your CocoaPods installation.\" >&2\n    exit 1\nfi\n# This output is used by Xcode 'outputs' to avoid re-running this script phase.\necho \"SUCCESS\" > \"${SCRIPT_OUTPUT_FILE_0}\"\n";
			showEnvVarsInLog = 0;
		};
		3C8147872844023600C82C17 /* ShellScript */ = {
			isa = PBXShellScriptBuildPhase;
			buildActionMask = 2147483647;
			files = (
			);
			inputFileListPaths = (
			);
			inputPaths = (
				"${DWARF_DSYM_FOLDER_PATH}/${DWARF_DSYM_FILE_NAME}/Contents/Resources/DWARF/${TARGET_NAME}",
				"$(SRCROOT)/$(BUILT_PRODUCTS_DIR)/$(INFOPLIST_PATH)",
			);
			outputFileListPaths = (
			);
			outputPaths = (
			);
			runOnlyForDeploymentPostprocessing = 0;
			shellPath = /bin/sh;
			shellScript = "\"${PODS_ROOT}/FirebaseCrashlytics/run\"\n";
		};
		3E358B14199A9E6FABD5D1C8 /* [CP] Embed Pods Frameworks */ = {
			isa = PBXShellScriptBuildPhase;
			buildActionMask = 2147483647;
			files = (
			);
			inputFileListPaths = (
				"${PODS_ROOT}/Target Support Files/Pods-SmartUseApp/Pods-SmartUseApp-frameworks-${CONFIGURATION}-input-files.xcfilelist",
			);
			name = "[CP] Embed Pods Frameworks";
			outputFileListPaths = (
				"${PODS_ROOT}/Target Support Files/Pods-SmartUseApp/Pods-SmartUseApp-frameworks-${CONFIGURATION}-output-files.xcfilelist",
			);
			runOnlyForDeploymentPostprocessing = 0;
			shellPath = /bin/sh;
			shellScript = "\"${PODS_ROOT}/Target Support Files/Pods-SmartUseApp/Pods-SmartUseApp-frameworks.sh\"\n";
			showEnvVarsInLog = 0;
		};
/* End PBXShellScriptBuildPhase section */

/* Begin PBXSourcesBuildPhase section */
		3CB58ED22835776D001A8DDB /* Sources */ = {
			isa = PBXSourcesBuildPhase;
			buildActionMask = 2147483647;
			files = (
				3CA9D774284120D800CF88D2 /* NewObjectViewModel.swift in Sources */,
				3CB8F3D32836B18200DAAAF4 /* UILabel + extension.swift in Sources */,
				3CB99F22287D746E00E1A8F0 /* PasswordTextField.swift in Sources */,
				3CB58EF428357B03001A8DDB /* AuthorizationViewModel.swift in Sources */,
				3CB7A5AE2875B62B000E80E8 /* SettingsViewModel.swift in Sources */,
				3CA9D7722841207800CF88D2 /* NewObjectViewController.swift in Sources */,
				3CB7A5892873441B000E80E8 /* MenuViewController.swift in Sources */,
				3C10AEEF28463E15002A1ED0 /* Icon.swift in Sources */,
				3CB7A59D2875A237000E80E8 /* ProfileViewController.swift in Sources */,
				3C00FA2D2881C79300BBAFDB /* UIColor + extension.swift in Sources */,
				3CC472D62854F1B4004792C8 /* CoreDataManager.swift in Sources */,
				3CB7A59528741BDB000E80E8 /* MenuCellViewModel.swift in Sources */,
				3C10AEBB2844C785002A1ED0 /* AddedImageViewModel.swift in Sources */,
				3C10AEB92844C776002A1ED0 /* AddedImageCollectionViewController.swift in Sources */,
				3CA9D761283BF66900CF88D2 /* Page.swift in Sources */,
				3CA9D76B283D312400CF88D2 /* PassRecoveryViewModel.swift in Sources */,
				3CB8F3E72837F5A100DAAAF4 /* FirebaseManager.swift in Sources */,
				3CA3AE99287F64F500F67107 /* Validator.swift in Sources */,
				3CA9D75F283BC03200CF88D2 /* AquaintanceCellViewModel.swift in Sources */,
				3CB7A590287373D9000E80E8 /* MainView.swift in Sources */,
				3CB8F3E428379C3700DAAAF4 /* MainViewModel.swift in Sources */,
				3CB7A5B02875B65B000E80E8 /* AboutViewController.swift in Sources */,
				3CC472E828592119004792C8 /* ASAuthorizationAppleIDButton + extension.swift in Sources */,
				3CB7A58B2873442B000E80E8 /* MenuViewModel.swift in Sources */,
				3C00FA29287F70C600BBAFDB /* ErrorEnums.swift in Sources */,
				3CA9D766283D2DE500CF88D2 /* MainCellViewModel.swift in Sources */,
				3CB7A57E2871D084000E80E8 /* DescriptionView.swift in Sources */,
				3CB58EDE2835776D001A8DDB /* AuthorizationViewController.swift in Sources */,
				3CB7A59A2874B86C000E80E8 /* MenuDescription.swift in Sources */,
				3CB7A5AC2875B61E000E80E8 /* SettingsViewController.swift in Sources */,
				3CC472EB285B7894004792C8 /* ThingDescriptionViewController.swift in Sources */,
				3CA9D769283D310D00CF88D2 /* PassRecoveryViewController.swift in Sources */,
				3C6B09722851EE6F001B2552 /* NetworkManager.swift in Sources */,
				3CB7A5B52875D470000E80E8 /* ChangeDataController.swift in Sources */,
				3CB8F3DB28378CF400DAAAF4 /* RegistrationViewController.swift in Sources */,
				3CB58EDA2835776D001A8DDB /* AppDelegate.swift in Sources */,
				3CB8F3DD28378D0100DAAAF4 /* RegistrationViewModel.swift in Sources */,
				3CB7A59F2875A249000E80E8 /* ProfileViewModel.swift in Sources */,
				3CC472DF2854F69B004792C8 /* Things.xcdatamodeld in Sources */,
				3C10AEBE2844CCC8002A1ED0 /* AddedImageViewCell.swift in Sources */,
				3CA9D75D283BC00700CF88D2 /* AcquaintanceViewCell.swift in Sources */,
				3CA9D758283BB5C900CF88D2 /* AcquaintanceViewController.swift in Sources */,
				3CB8F3D72836B3C000DAAAF4 /* UIImageView + extension.swift in Sources */,
				3C00FA2B2880BDF300BBAFDB /* NewObjectView.swift in Sources */,
				3CB7A58D287344FC000E80E8 /* ContainerViewController.swift in Sources */,
				3CA9D764283D2DD400CF88D2 /* MainViewCell.swift in Sources */,
				3CC472ED285B78AC004792C8 /* ThingDescriptionViewModel.swift in Sources */,
				3CB8F3DF28378FB100DAAAF4 /* ConstantValues.swift in Sources */,
				3CB790952853E0EB00869268 /* UIImage + extension.swift in Sources */,
				3CB7A5A42875A2C2000E80E8 /* ProfileView.swift in Sources */,
				3CA9D75A283BB5E400CF88D2 /* AcquaintanceViewModel.swift in Sources */,
				3C10AEC12844CCEE002A1ED0 /* AddedImageCellViewModel.swift in Sources */,
				3CB7A586287212FE000E80E8 /* AlertController.swift in Sources */,
				3CB7A5822871E7F9000E80E8 /* PassRecoveryView.swift in Sources */,
				3CB58EDC2835776D001A8DDB /* SceneDelegate.swift in Sources */,
				3CC472EF285B7E78004792C8 /* UIDatePicker + extension.swift in Sources */,
				3CB8F3E128379BE700DAAAF4 /* MainViewController.swift in Sources */,
				3CB8F3D52836B2C100DAAAF4 /* UITextField + extension.swift in Sources */,
				3CB7A5842871EAF7000E80E8 /* RegistrationView.swift in Sources */,
				3C10AEF1284654D3002A1ED0 /* Thing.swift in Sources */,
				3CB7A5A62875A856000E80E8 /* ProfileChange.swift in Sources */,
				3CB7A59328741BC5000E80E8 /* MenuViewCell.swift in Sources */,
				3CB7A5B22875B66C000E80E8 /* AboutViewModel.swift in Sources */,
				3CC472E52859192A004792C8 /* AppleAuthManager.swift in Sources */,
				3CB8F3D128368D0E00DAAAF4 /* UIButton + extension.swift in Sources */,
				3CB7A5802871D7BA000E80E8 /* AuthorizationView.swift in Sources */,
			);
			runOnlyForDeploymentPostprocessing = 0;
		};
/* End PBXSourcesBuildPhase section */

/* Begin PBXVariantGroup section */
		3CB58EE42835776F001A8DDB /* LaunchScreen.storyboard */ = {
			isa = PBXVariantGroup;
			children = (
				3CB58EE52835776F001A8DDB /* Base */,
			);
			name = LaunchScreen.storyboard;
			sourceTree = "<group>";
		};
/* End PBXVariantGroup section */

/* Begin XCBuildConfiguration section */
		3CB58EE82835776F001A8DDB /* Debug */ = {
			isa = XCBuildConfiguration;
			buildSettings = {
				ALWAYS_SEARCH_USER_PATHS = NO;
				CLANG_ANALYZER_NONNULL = YES;
				CLANG_ANALYZER_NUMBER_OBJECT_CONVERSION = YES_AGGRESSIVE;
				CLANG_CXX_LANGUAGE_STANDARD = "gnu++17";
				CLANG_ENABLE_MODULES = YES;
				CLANG_ENABLE_OBJC_ARC = YES;
				CLANG_ENABLE_OBJC_WEAK = YES;
				CLANG_WARN_BLOCK_CAPTURE_AUTORELEASING = YES;
				CLANG_WARN_BOOL_CONVERSION = YES;
				CLANG_WARN_COMMA = YES;
				CLANG_WARN_CONSTANT_CONVERSION = YES;
				CLANG_WARN_DEPRECATED_OBJC_IMPLEMENTATIONS = YES;
				CLANG_WARN_DIRECT_OBJC_ISA_USAGE = YES_ERROR;
				CLANG_WARN_DOCUMENTATION_COMMENTS = YES;
				CLANG_WARN_EMPTY_BODY = YES;
				CLANG_WARN_ENUM_CONVERSION = YES;
				CLANG_WARN_INFINITE_RECURSION = YES;
				CLANG_WARN_INT_CONVERSION = YES;
				CLANG_WARN_NON_LITERAL_NULL_CONVERSION = YES;
				CLANG_WARN_OBJC_IMPLICIT_RETAIN_SELF = YES;
				CLANG_WARN_OBJC_LITERAL_CONVERSION = YES;
				CLANG_WARN_OBJC_ROOT_CLASS = YES_ERROR;
				CLANG_WARN_QUOTED_INCLUDE_IN_FRAMEWORK_HEADER = YES;
				CLANG_WARN_RANGE_LOOP_ANALYSIS = YES;
				CLANG_WARN_STRICT_PROTOTYPES = YES;
				CLANG_WARN_SUSPICIOUS_MOVE = YES;
				CLANG_WARN_UNGUARDED_AVAILABILITY = YES_AGGRESSIVE;
				CLANG_WARN_UNREACHABLE_CODE = YES;
				CLANG_WARN__DUPLICATE_METHOD_MATCH = YES;
				COPY_PHASE_STRIP = NO;
				DEBUG_INFORMATION_FORMAT = dwarf;
				ENABLE_STRICT_OBJC_MSGSEND = YES;
				ENABLE_TESTABILITY = YES;
				GCC_C_LANGUAGE_STANDARD = gnu11;
				GCC_DYNAMIC_NO_PIC = NO;
				GCC_NO_COMMON_BLOCKS = YES;
				GCC_OPTIMIZATION_LEVEL = 0;
				GCC_PREPROCESSOR_DEFINITIONS = (
					"DEBUG=1",
					"$(inherited)",
				);
				GCC_WARN_64_TO_32_BIT_CONVERSION = YES;
				GCC_WARN_ABOUT_RETURN_TYPE = YES_ERROR;
				GCC_WARN_UNDECLARED_SELECTOR = YES;
				GCC_WARN_UNINITIALIZED_AUTOS = YES_AGGRESSIVE;
				GCC_WARN_UNUSED_FUNCTION = YES;
				GCC_WARN_UNUSED_VARIABLE = YES;
				IPHONEOS_DEPLOYMENT_TARGET = 15.4;
				MTL_ENABLE_DEBUG_INFO = INCLUDE_SOURCE;
				MTL_FAST_MATH = YES;
				ONLY_ACTIVE_ARCH = YES;
				SDKROOT = iphoneos;
				SWIFT_ACTIVE_COMPILATION_CONDITIONS = DEBUG;
				SWIFT_OPTIMIZATION_LEVEL = "-Onone";
			};
			name = Debug;
		};
		3CB58EE92835776F001A8DDB /* Release */ = {
			isa = XCBuildConfiguration;
			buildSettings = {
				ALWAYS_SEARCH_USER_PATHS = NO;
				CLANG_ANALYZER_NONNULL = YES;
				CLANG_ANALYZER_NUMBER_OBJECT_CONVERSION = YES_AGGRESSIVE;
				CLANG_CXX_LANGUAGE_STANDARD = "gnu++17";
				CLANG_ENABLE_MODULES = YES;
				CLANG_ENABLE_OBJC_ARC = YES;
				CLANG_ENABLE_OBJC_WEAK = YES;
				CLANG_WARN_BLOCK_CAPTURE_AUTORELEASING = YES;
				CLANG_WARN_BOOL_CONVERSION = YES;
				CLANG_WARN_COMMA = YES;
				CLANG_WARN_CONSTANT_CONVERSION = YES;
				CLANG_WARN_DEPRECATED_OBJC_IMPLEMENTATIONS = YES;
				CLANG_WARN_DIRECT_OBJC_ISA_USAGE = YES_ERROR;
				CLANG_WARN_DOCUMENTATION_COMMENTS = YES;
				CLANG_WARN_EMPTY_BODY = YES;
				CLANG_WARN_ENUM_CONVERSION = YES;
				CLANG_WARN_INFINITE_RECURSION = YES;
				CLANG_WARN_INT_CONVERSION = YES;
				CLANG_WARN_NON_LITERAL_NULL_CONVERSION = YES;
				CLANG_WARN_OBJC_IMPLICIT_RETAIN_SELF = YES;
				CLANG_WARN_OBJC_LITERAL_CONVERSION = YES;
				CLANG_WARN_OBJC_ROOT_CLASS = YES_ERROR;
				CLANG_WARN_QUOTED_INCLUDE_IN_FRAMEWORK_HEADER = YES;
				CLANG_WARN_RANGE_LOOP_ANALYSIS = YES;
				CLANG_WARN_STRICT_PROTOTYPES = YES;
				CLANG_WARN_SUSPICIOUS_MOVE = YES;
				CLANG_WARN_UNGUARDED_AVAILABILITY = YES_AGGRESSIVE;
				CLANG_WARN_UNREACHABLE_CODE = YES;
				CLANG_WARN__DUPLICATE_METHOD_MATCH = YES;
				COPY_PHASE_STRIP = NO;
				DEBUG_INFORMATION_FORMAT = "dwarf-with-dsym";
				ENABLE_NS_ASSERTIONS = NO;
				ENABLE_STRICT_OBJC_MSGSEND = YES;
				GCC_C_LANGUAGE_STANDARD = gnu11;
				GCC_NO_COMMON_BLOCKS = YES;
				GCC_WARN_64_TO_32_BIT_CONVERSION = YES;
				GCC_WARN_ABOUT_RETURN_TYPE = YES_ERROR;
				GCC_WARN_UNDECLARED_SELECTOR = YES;
				GCC_WARN_UNINITIALIZED_AUTOS = YES_AGGRESSIVE;
				GCC_WARN_UNUSED_FUNCTION = YES;
				GCC_WARN_UNUSED_VARIABLE = YES;
				IPHONEOS_DEPLOYMENT_TARGET = 15.4;
				MTL_ENABLE_DEBUG_INFO = NO;
				MTL_FAST_MATH = YES;
				SDKROOT = iphoneos;
				SWIFT_COMPILATION_MODE = wholemodule;
				SWIFT_OPTIMIZATION_LEVEL = "-O";
				VALIDATE_PRODUCT = YES;
			};
			name = Release;
		};
		3CB58EEB2835776F001A8DDB /* Debug */ = {
			isa = XCBuildConfiguration;
			baseConfigurationReference = 099D3760E00188D1A0D5F240 /* Pods-SmartUseApp.debug.xcconfig */;
			buildSettings = {
				ASSETCATALOG_COMPILER_APPICON_NAME = AppIcon;
				ASSETCATALOG_COMPILER_GLOBAL_ACCENT_COLOR_NAME = AccentColor;
				CODE_SIGN_ENTITLEMENTS = SmartUseApp/SmartUseApp.entitlements;
				CODE_SIGN_STYLE = Automatic;
				CURRENT_PROJECT_VERSION = 1;
				DEBUG_INFORMATION_FORMAT = "dwarf-with-dsym";
				DEVELOPMENT_TEAM = MMLYXGU647;
				GENERATE_INFOPLIST_FILE = YES;
				INFOPLIST_FILE = SmartUseApp/Info/Info.plist;
				INFOPLIST_KEY_UIApplicationSupportsIndirectInputEvents = YES;
				INFOPLIST_KEY_UILaunchStoryboardName = LaunchScreen;
				INFOPLIST_KEY_UISupportedInterfaceOrientations_iPad = "UIInterfaceOrientationPortrait UIInterfaceOrientationPortraitUpsideDown UIInterfaceOrientationLandscapeLeft UIInterfaceOrientationLandscapeRight";
				INFOPLIST_KEY_UISupportedInterfaceOrientations_iPhone = "UIInterfaceOrientationPortrait UIInterfaceOrientationLandscapeLeft UIInterfaceOrientationLandscapeRight";
				LD_RUNPATH_SEARCH_PATHS = (
					"$(inherited)",
					"@executable_path/Frameworks",
				);
				MARKETING_VERSION = 1.0;
				PRODUCT_BUNDLE_IDENTIFIER = ru.tekmya.SmartUseApp;
				PRODUCT_NAME = "$(TARGET_NAME)";
				SWIFT_EMIT_LOC_STRINGS = YES;
				SWIFT_VERSION = 5.0;
				TARGETED_DEVICE_FAMILY = "1,2";
			};
			name = Debug;
		};
		3CB58EEC2835776F001A8DDB /* Release */ = {
			isa = XCBuildConfiguration;
			baseConfigurationReference = 962348B23283D938C4AF18F2 /* Pods-SmartUseApp.release.xcconfig */;
			buildSettings = {
				ASSETCATALOG_COMPILER_APPICON_NAME = AppIcon;
				ASSETCATALOG_COMPILER_GLOBAL_ACCENT_COLOR_NAME = AccentColor;
				CODE_SIGN_ENTITLEMENTS = SmartUseApp/SmartUseApp.entitlements;
				CODE_SIGN_STYLE = Automatic;
				CURRENT_PROJECT_VERSION = 1;
				DEVELOPMENT_TEAM = MMLYXGU647;
				GENERATE_INFOPLIST_FILE = YES;
				INFOPLIST_FILE = SmartUseApp/Info/Info.plist;
				INFOPLIST_KEY_UIApplicationSupportsIndirectInputEvents = YES;
				INFOPLIST_KEY_UILaunchStoryboardName = LaunchScreen;
				INFOPLIST_KEY_UISupportedInterfaceOrientations_iPad = "UIInterfaceOrientationPortrait UIInterfaceOrientationPortraitUpsideDown UIInterfaceOrientationLandscapeLeft UIInterfaceOrientationLandscapeRight";
				INFOPLIST_KEY_UISupportedInterfaceOrientations_iPhone = "UIInterfaceOrientationPortrait UIInterfaceOrientationLandscapeLeft UIInterfaceOrientationLandscapeRight";
				LD_RUNPATH_SEARCH_PATHS = (
					"$(inherited)",
					"@executable_path/Frameworks",
				);
				MARKETING_VERSION = 1.0;
				PRODUCT_BUNDLE_IDENTIFIER = ru.tekmya.SmartUseApp;
				PRODUCT_NAME = "$(TARGET_NAME)";
				SWIFT_EMIT_LOC_STRINGS = YES;
				SWIFT_VERSION = 5.0;
				TARGETED_DEVICE_FAMILY = "1,2";
			};
			name = Release;
		};
/* End XCBuildConfiguration section */

/* Begin XCConfigurationList section */
		3CB58ED12835776D001A8DDB /* Build configuration list for PBXProject "SmartUseApp" */ = {
			isa = XCConfigurationList;
			buildConfigurations = (
				3CB58EE82835776F001A8DDB /* Debug */,
				3CB58EE92835776F001A8DDB /* Release */,
			);
			defaultConfigurationIsVisible = 0;
			defaultConfigurationName = Release;
		};
		3CB58EEA2835776F001A8DDB /* Build configuration list for PBXNativeTarget "SmartUseApp" */ = {
			isa = XCConfigurationList;
			buildConfigurations = (
				3CB58EEB2835776F001A8DDB /* Debug */,
				3CB58EEC2835776F001A8DDB /* Release */,
			);
			defaultConfigurationIsVisible = 0;
			defaultConfigurationName = Release;
		};
/* End XCConfigurationList section */

/* Begin XCVersionGroup section */
		3CC472DD2854F69B004792C8 /* Things.xcdatamodeld */ = {
			isa = XCVersionGroup;
			children = (
				3CC472DE2854F69B004792C8 /* Things.xcdatamodel */,
			);
			currentVersion = 3CC472DE2854F69B004792C8 /* Things.xcdatamodel */;
			path = Things.xcdatamodeld;
			sourceTree = "<group>";
			versionGroupType = wrapper.xcdatamodel;
		};
/* End XCVersionGroup section */
	};
	rootObject = 3CB58ECE2835776D001A8DDB /* Project object */;
}
